
Microsoft Visual Studio Solution File, Format Version 12.00
# Visual Studio Version 16
VisualStudioVersion = 16.0.32002.261
MinimumVisualStudioVersion = 10.0.40219.1
Project("{9A19103F-16F7-4668-BE54-9A1E7A4F7556}") = "baseVISION.Tool.Connectors.Zoho", "baseVISION.Tool.Connectors.Zoho\baseVISION.Tool.Connectors.Zoho.csproj", "{31D7E424-5811-400F-8885-77C1222B3427}"
EndProject
Project("{9A19103F-16F7-4668-BE54-9A1E7A4F7556}") = "baseVISION.Tool.Connectors.Zoho.Test", "baseVISION.Tool.Connectors.Zoho.Test\baseVISION.Tool.Connectors.Zoho.Test.csproj", "{27017412-A083-410F-BE85-52E73372ABE4}"
EndProject
Global
	GlobalSection(SolutionConfigurationPlatforms) = preSolution
		Debug|Any CPU = Debug|Any CPU
		Release|Any CPU = Release|Any CPU
	EndGlobalSection
	GlobalSection(ProjectConfigurationPlatforms) = postSolution
		{31D7E424-5811-400F-8885-77C1222B3427}.Debug|Any CPU.ActiveCfg = Debug|Any CPU
		{31D7E424-5811-400F-8885-77C1222B3427}.Debug|Any CPU.Build.0 = Debug|Any CPU
		{31D7E424-5811-400F-8885-77C1222B3427}.Release|Any CPU.ActiveCfg = Release|Any CPU
		{31D7E424-5811-400F-8885-77C1222B3427}.Release|Any CPU.Build.0 = Release|Any CPU
		{27017412-A083-410F-BE85-52E73372ABE4}.Debug|Any CPU.ActiveCfg = Debug|Any CPU
		{27017412-A083-410F-BE85-52E73372ABE4}.Debug|Any CPU.Build.0 = Debug|Any CPU
		{27017412-A083-410F-BE85-52E73372ABE4}.Release|Any CPU.ActiveCfg = Release|Any CPU
		{27017412-A083-410F-BE85-52E73372ABE4}.Release|Any CPU.Build.0 = Release|Any CPU
	EndGlobalSection
	GlobalSection(SolutionProperties) = preSolution
		HideSolutionNode = FALSE
	EndGlobalSection
	GlobalSection(ExtensibilityGlobals) = postSolution
		SolutionGuid = {294E23A7-C48A-4EA0-8679-D25EDEE6D423}
	EndGlobalSection
EndGlobal
